Microsoft Visual Studio Solution File, Format Version 11.00
# Visual Studio 2008

Project("{F9412993-FE11-DE65-9F57-D29CE909BEB9}") = "Spherica", "Assembly-CSharp.csproj", "{48582284-A005-E1D6-39BE-D88AEB0D9EBC}"
EndProject
Global
	GlobalSection(SolutionConfigurationPlatforms) = preSolution
		Debug|Any CPU = Debug|Any CPU
		Release|Any CPU = Release|Any CPU
	EndGlobalSection
	GlobalSection(ProjectConfigurationPlatforms) = postSolution
		{48582284-A005-E1D6-39BE-D88AEB0D9EBC}.Debug|Any CPU.ActiveCfg = Debug|Any CPU
		{48582284-A005-E1D6-39BE-D88AEB0D9EBC}.Debug|Any CPU.Build.0 = Debug|Any CPU
		{48582284-A005-E1D6-39BE-D88AEB0D9EBC}.Release|Any CPU.ActiveCfg = Release|Any CPU
		{48582284-A005-E1D6-39BE-D88AEB0D9EBC}.Release|Any CPU.Build.0 = Release|Any CPU
	EndGlobalSection
	GlobalSection(SolutionProperties) = preSolution
		HideSolutionNode = FALSE
	EndGlobalSection
	GlobalSection(MonoDevelopProperties) = preSolution
		StartupItem = Assembly-CSharp.csproj
	EndGlobalSection
EndGlobal
